# THIS IS AN AUTOGENERATED FILE. DO NOT EDIT THIS FILE DIRECTLY.
# yarn lockfile v1


i18n-js@3.8.0:
  version "3.8.0"
  resolved "https://registry.yarnpkg.com/i18n-js/-/i18n-js-3.8.0.tgz#b8fd6b12e1d88cb71f9806c29bca7c31c012e504"
  integrity sha512-hDsGgPuvw/2P+lXSbOafAwspK8Ste8YrwuuUg17W3wEcO1JkQxBlPgsN1t2+852nTnz4YSYTjZc/1nAA2PC/nw==
